
Microsoft Visual Studio Solution File, Format Version 12.00
# Visual Studio 15
VisualStudioVersion = 15.0.28307.572
MinimumVisualStudioVersion = 10.0.40219.1
Project("{FAE04EC0-301F-11D3-BF4B-00C04F79EFBC}") = "Ratcow.Mvvm", "Ratcow.Mvvm\Ratcow.Mvvm.csproj", "{408C8607-BD64-4AB2-985F-BEE5F64B4611}"
EndProject
Project("{2150E333-8FDC-42A3-9474-1A3956D46DE8}") = "Files", "Files", "{515AF85C-9534-46CD-8398-FA10854E94C7}"
	ProjectSection(SolutionItems) = preProject
		..\.gitignore = ..\.gitignore
		..\LICENSE = ..\LICENSE
		..\README.md = ..\README.md
	EndProjectSection
EndProject
Project("{FAE04EC0-301F-11D3-BF4B-00C04F79EFBC}") = "Testbed", "Testbed\Testbed.csproj", "{725A742B-8734-49D9-A8AB-A95001754261}"
EndProject
Global
	GlobalSection(SolutionConfigurationPlatforms) = preSolution
		Debug|Any CPU = Debug|Any CPU
		Release|Any CPU = Release|Any CPU
	EndGlobalSection
	GlobalSection(ProjectConfigurationPlatforms) = postSolution
		{408C8607-BD64-4AB2-985F-BEE5F64B4611}.Debug|Any CPU.ActiveCfg = Debug|Any CPU
		{408C8607-BD64-4AB2-985F-BEE5F64B4611}.Debug|Any CPU.Build.0 = Debug|Any CPU
		{408C8607-BD64-4AB2-985F-BEE5F64B4611}.Release|Any CPU.ActiveCfg = Release|Any CPU
		{408C8607-BD64-4AB2-985F-BEE5F64B4611}.Release|Any CPU.Build.0 = Release|Any CPU
		{725A742B-8734-49D9-A8AB-A95001754261}.Debug|Any CPU.ActiveCfg = Debug|Any CPU
		{725A742B-8734-49D9-A8AB-A95001754261}.Debug|Any CPU.Build.0 = Debug|Any CPU
		{725A742B-8734-49D9-A8AB-A95001754261}.Release|Any CPU.ActiveCfg = Release|Any CPU
		{725A742B-8734-49D9-A8AB-A95001754261}.Release|Any CPU.Build.0 = Release|Any CPU
	EndGlobalSection
	GlobalSection(SolutionProperties) = preSolution
		HideSolutionNode = FALSE
	EndGlobalSection
	GlobalSection(ExtensibilityGlobals) = postSolution
		SolutionGuid = {80765728-7B0B-4497-9D5A-D024CB247871}
	EndGlobalSection
EndGlobal
